// !$*UTF8*$!
{
	archiveVersion = 1;
	classes = {
	};
	objectVersion = 70;
	objects = {

/* Begin PBXBuildFile section */
		B39B07602B99C41100C20EB1 /* TabBarViewController.swift in Sources */ = {isa = PBXBuildFile; fileRef = B39B075F2B99C41100C20EB1 /* TabBarViewController.swift */; };
		B39B07662B99C44200C20EB1 /* UploadViewController.swift in Sources */ = {isa = PBXBuildFile; fileRef = B39B07652B99C44200C20EB1 /* UploadViewController.swift */; };
		B39B07682B99C45300C20EB1 /* MyPageViewController.swift in Sources */ = {isa = PBXBuildFile; fileRef = B39B07672B99C45300C20EB1 /* MyPageViewController.swift */; };
		D20852632CA1917700D3A1CB /* PlayListPage.swift in Sources */ = {isa = PBXBuildFile; fileRef = D20852622CA1917700D3A1CB /* PlayListPage.swift */; };
		D2099E7C2BF35E8900C8D0F1 /* ListeningViewController.swift in Sources */ = {isa = PBXBuildFile; fileRef = D2099E7B2BF35E8900C8D0F1 /* ListeningViewController.swift */; };
		D2142A112BDEDF1A0079E5D0 /* LoginViewController.swift in Sources */ = {isa = PBXBuildFile; fileRef = D2142A102BDEDF1A0079E5D0 /* LoginViewController.swift */; };
		D2142A152BDEDFA30079E5D0 /* UIColor.swift in Sources */ = {isa = PBXBuildFile; fileRef = D2142A142BDEDFA30079E5D0 /* UIColor.swift */; };
		D2142A172BDEE3D70079E5D0 /* UILabel.swift in Sources */ = {isa = PBXBuildFile; fileRef = D2142A162BDEE3D70079E5D0 /* UILabel.swift */; };
		D2142A192BDEE5910079E5D0 /* EmailLoginViewController.swift in Sources */ = {isa = PBXBuildFile; fileRef = D2142A182BDEE5910079E5D0 /* EmailLoginViewController.swift */; };
		D2142A1D2BDEEC450079E5D0 /* SignUpViewController.swift in Sources */ = {isa = PBXBuildFile; fileRef = D2142A1C2BDEEC450079E5D0 /* SignUpViewController.swift */; };
		D2525E702CEB65DE001AC2C9 /* type.swift in Sources */ = {isa = PBXBuildFile; fileRef = D2525E6F2CEB65DE001AC2C9 /* type.swift */; };
		D27BFAD02C05E42B00C0504F /* SearchViewController.swift in Sources */ = {isa = PBXBuildFile; fileRef = D27BFACF2C05E42B00C0504F /* SearchViewController.swift */; };
		D27BFAD32C05FB1200C0504F /* PlayListViewController.swift in Sources */ = {isa = PBXBuildFile; fileRef = D27BFAD22C05FB1200C0504F /* PlayListViewController.swift */; };
		D27BFAD52C072EAF00C0504F /* HorizontalTableViewCell.swift in Sources */ = {isa = PBXBuildFile; fileRef = D27BFAD42C072EAF00C0504F /* HorizontalTableViewCell.swift */; };
		D27BFAD72C0731E800C0504F /* ImageCollectionViewCell.swift in Sources */ = {isa = PBXBuildFile; fileRef = D27BFAD62C0731E800C0504F /* ImageCollectionViewCell.swift */; };
		D28FC3BD2C7CAD6B00AFF58E /* KakaoSDK in Frameworks */ = {isa = PBXBuildFile; productRef = D28FC3BC2C7CAD6B00AFF58E /* KakaoSDK */; };
		D28FC3BF2C7CAD6B00AFF58E /* KakaoSDKAuth in Frameworks */ = {isa = PBXBuildFile; productRef = D28FC3BE2C7CAD6B00AFF58E /* KakaoSDKAuth */; };
		D28FC3C12C7CAD6B00AFF58E /* KakaoSDKCert in Frameworks */ = {isa = PBXBuildFile; productRef = D28FC3C02C7CAD6B00AFF58E /* KakaoSDKCert */; };
		D28FC3C32C7CAD6B00AFF58E /* KakaoSDKCertCore in Frameworks */ = {isa = PBXBuildFile; productRef = D28FC3C22C7CAD6B00AFF58E /* KakaoSDKCertCore */; };
		D28FC3C52C7CAD6B00AFF58E /* KakaoSDKCommon in Frameworks */ = {isa = PBXBuildFile; productRef = D28FC3C42C7CAD6B00AFF58E /* KakaoSDKCommon */; };
		D28FC3C72C7CAD6B00AFF58E /* KakaoSDKFriend in Frameworks */ = {isa = PBXBuildFile; productRef = D28FC3C62C7CAD6B00AFF58E /* KakaoSDKFriend */; };
		D28FC3C92C7CAD6B00AFF58E /* KakaoSDKFriendCore in Frameworks */ = {isa = PBXBuildFile; productRef = D28FC3C82C7CAD6B00AFF58E /* KakaoSDKFriendCore */; };
		D28FC3CB2C7CAD6B00AFF58E /* KakaoSDKNavi in Frameworks */ = {isa = PBXBuildFile; productRef = D28FC3CA2C7CAD6B00AFF58E /* KakaoSDKNavi */; };
		D28FC3CD2C7CAD6B00AFF58E /* KakaoSDKShare in Frameworks */ = {isa = PBXBuildFile; productRef = D28FC3CC2C7CAD6B00AFF58E /* KakaoSDKShare */; };
		D28FC3CF2C7CAD6B00AFF58E /* KakaoSDKTalk in Frameworks */ = {isa = PBXBuildFile; productRef = D28FC3CE2C7CAD6B00AFF58E /* KakaoSDKTalk */; };
		D28FC3D12C7CAD6B00AFF58E /* KakaoSDKTemplate in Frameworks */ = {isa = PBXBuildFile; productRef = D28FC3D02C7CAD6B00AFF58E /* KakaoSDKTemplate */; };
		D28FC3D32C7CAD6B00AFF58E /* KakaoSDKUser in Frameworks */ = {isa = PBXBuildFile; productRef = D28FC3D22C7CAD6B00AFF58E /* KakaoSDKUser */; };
		D28FC3DC2C85D8E400AFF58E /* LoginAPI.swift in Sources */ = {isa = PBXBuildFile; fileRef = D28FC3DB2C85D8E400AFF58E /* LoginAPI.swift */; };
		D28FC3DE2C85D8F200AFF58E /* LoginRepository.swift in Sources */ = {isa = PBXBuildFile; fileRef = D28FC3DD2C85D8F200AFF58E /* LoginRepository.swift */; };
		D28FC3E12C85E2AF00AFF58E /* FirebaseAnalytics in Frameworks */ = {isa = PBXBuildFile; productRef = D28FC3E02C85E2AF00AFF58E /* FirebaseAnalytics */; };
		D28FC3E32C85E2AF00AFF58E /* FirebaseAnalyticsOnDeviceConversion in Frameworks */ = {isa = PBXBuildFile; productRef = D28FC3E22C85E2AF00AFF58E /* FirebaseAnalyticsOnDeviceConversion */; };
		D28FC3E52C85E2AF00AFF58E /* FirebaseAnalyticsWithoutAdIdSupport in Frameworks */ = {isa = PBXBuildFile; productRef = D28FC3E42C85E2AF00AFF58E /* FirebaseAnalyticsWithoutAdIdSupport */; };
		D28FC3E72C85E2AF00AFF58E /* FirebaseAppCheck in Frameworks */ = {isa = PBXBuildFile; productRef = D28FC3E62C85E2AF00AFF58E /* FirebaseAppCheck */; };
		D28FC3E92C85E2AF00AFF58E /* FirebaseAppDistribution-Beta in Frameworks */ = {isa = PBXBuildFile; productRef = D28FC3E82C85E2AF00AFF58E /* FirebaseAppDistribution-Beta */; };
		D28FC3EB2C85E2C700AFF58E /* GoogleSignIn in Frameworks */ = {isa = PBXBuildFile; productRef = D28FC3EA2C85E2C700AFF58E /* GoogleSignIn */; };
		D28FC3ED2C85E2C700AFF58E /* GoogleSignInSwift in Frameworks */ = {isa = PBXBuildFile; productRef = D28FC3EC2C85E2C700AFF58E /* GoogleSignInSwift */; };
		D28FC3EF2C85E36900AFF58E /* GoogleService-Info.plist in Resources */ = {isa = PBXBuildFile; fileRef = D28FC3EE2C85E36900AFF58E /* GoogleService-Info.plist */; };
		D2C30A0E2C450A14003C0CD4 /* AddNewPlayListViewController.swift in Sources */ = {isa = PBXBuildFile; fileRef = D2C30A0D2C450A14003C0CD4 /* AddNewPlayListViewController.swift */; };
		D2C30A102C4513A4003C0CD4 /* AddSongViewController.swift in Sources */ = {isa = PBXBuildFile; fileRef = D2C30A0F2C4513A4003C0CD4 /* AddSongViewController.swift */; };
		D2C30A142C4E3C78003C0CD4 /* PlayListEditModalViewController.swift in Sources */ = {isa = PBXBuildFile; fileRef = D2C30A132C4E3C78003C0CD4 /* PlayListEditModalViewController.swift */; };
		D2C30A172C4E4384003C0CD4 /* IconTableViewCell.swift in Sources */ = {isa = PBXBuildFile; fileRef = D2C30A162C4E4384003C0CD4 /* IconTableViewCell.swift */; };
		D2C30A192C4E69B2003C0CD4 /* UIView.swift in Sources */ = {isa = PBXBuildFile; fileRef = D2C30A182C4E69B2003C0CD4 /* UIView.swift */; };
		D2C30A1B2C4E7068003C0CD4 /* PlayListEditViewController.swift in Sources */ = {isa = PBXBuildFile; fileRef = D2C30A1A2C4E7068003C0CD4 /* PlayListEditViewController.swift */; };
		D2C30A1D2C4E75D3003C0CD4 /* AlbumImageView.swift in Sources */ = {isa = PBXBuildFile; fileRef = D2C30A1C2C4E75D3003C0CD4 /* AlbumImageView.swift */; };
		D2C30A1F2C4E7AFF003C0CD4 /* PlayList.swift in Sources */ = {isa = PBXBuildFile; fileRef = D2C30A1E2C4E7AFF003C0CD4 /* PlayList.swift */; };
		D2C30A212C4E7E49003C0CD4 /* PlaylistTableViewCell.swift in Sources */ = {isa = PBXBuildFile; fileRef = D2C30A202C4E7E48003C0CD4 /* PlaylistTableViewCell.swift */; };
		D2C30A232C4E7EFF003C0CD4 /* PlayListTableView.swift in Sources */ = {isa = PBXBuildFile; fileRef = D2C30A222C4E7EFF003C0CD4 /* PlayListTableView.swift */; };
		D2D5933F2BB338150010D29D /* User.swift in Sources */ = {isa = PBXBuildFile; fileRef = D2D5933E2BB338150010D29D /* User.swift */; };
		D2D593442BB339240010D29D /* MyPageTableViewCell.swift in Sources */ = {isa = PBXBuildFile; fileRef = D2D593432BB339240010D29D /* MyPageTableViewCell.swift */; };
		D2D593462BB46CE00010D29D /* Track.swift in Sources */ = {isa = PBXBuildFile; fileRef = D2D593452BB46CDF0010D29D /* Track.swift */; };
		D2D593482BB59FEC0010D29D /* ProfileViewController.swift in Sources */ = {isa = PBXBuildFile; fileRef = D2D593472BB59FEC0010D29D /* ProfileViewController.swift */; };
		D2D5934A2BB5A3A40010D29D /* SettingViewController.swift in Sources */ = {isa = PBXBuildFile; fileRef = D2D593492BB5A3A40010D29D /* SettingViewController.swift */; };
		D2E404D12C57C0AE005B085D /* Moya in Frameworks */ = {isa = PBXBuildFile; productRef = D2E404D02C57C0AE005B085D /* Moya */; };
		D2E404D32C57C0CC005B085D /* BaseRepository.swift in Sources */ = {isa = PBXBuildFile; fileRef = D2E404D22C57C0CC005B085D /* BaseRepository.swift */; };
		D2E404D52C57C119005B085D /* BaseAPI.swift in Sources */ = {isa = PBXBuildFile; fileRef = D2E404D42C57C119005B085D /* BaseAPI.swift */; };
		D2E404D72C57C368005B085D /* BaseResponse.swift in Sources */ = {isa = PBXBuildFile; fileRef = D2E404D62C57C368005B085D /* BaseResponse.swift */; };
		D2E404DA2C57C72C005B085D /* ExampleRepository.swift in Sources */ = {isa = PBXBuildFile; fileRef = D2E404D92C57C72C005B085D /* ExampleRepository.swift */; };
		D2E404DC2C57C752005B085D /* ExampleAPI.swift in Sources */ = {isa = PBXBuildFile; fileRef = D2E404DB2C57C752005B085D /* ExampleAPI.swift */; };
		D2E404E02C6A140B005B085D /* SpotifyImage.swift in Sources */ = {isa = PBXBuildFile; fileRef = D2E404DF2C6A140B005B085D /* SpotifyImage.swift */; };
		D2E404E22C6A147C005B085D /* Artist.swift in Sources */ = {isa = PBXBuildFile; fileRef = D2E404E12C6A147C005B085D /* Artist.swift */; };
		D2E404E52C6A16D4005B085D /* MusicHelper.swift in Sources */ = {isa = PBXBuildFile; fileRef = D2E404E42C6A16D4005B085D /* MusicHelper.swift */; };
		D2E404E92C6A1EA4005B085D /* MiniPlayerView.swift in Sources */ = {isa = PBXBuildFile; fileRef = D2E404E82C6A1EA4005B085D /* MiniPlayerView.swift */; };
		D2E404ED2C6A2D52005B085D /* Kingfisher in Frameworks */ = {isa = PBXBuildFile; productRef = D2E404EC2C6A2D52005B085D /* Kingfisher */; };
		D2F0C26B2B947C8A00683E4A /* AppDelegate.swift in Sources */ = {isa = PBXBuildFile; fileRef = D2F0C26A2B947C8A00683E4A /* AppDelegate.swift */; };
		D2F0C26D2B947C8A00683E4A /* SceneDelegate.swift in Sources */ = {isa = PBXBuildFile; fileRef = D2F0C26C2B947C8A00683E4A /* SceneDelegate.swift */; };
		D2F0C26F2B947C8A00683E4A /* ViewController.swift in Sources */ = {isa = PBXBuildFile; fileRef = D2F0C26E2B947C8A00683E4A /* ViewController.swift */; };
		D2F0C2742B947C8B00683E4A /* Assets.xcassets in Resources */ = {isa = PBXBuildFile; fileRef = D2F0C2732B947C8B00683E4A /* Assets.xcassets */; };
		D2F0C2772B947C8B00683E4A /* LaunchScreen.storyboard in Resources */ = {isa = PBXBuildFile; fileRef = D2F0C2752B947C8B00683E4A /* LaunchScreen.storyboard */; };
		D2F0C2822B947C8B00683E4A /* Mu_nectingV2Tests.swift in Sources */ = {isa = PBXBuildFile; fileRef = D2F0C2812B947C8B00683E4A /* Mu_nectingV2Tests.swift */; };
		D2F0C28C2B947C8B00683E4A /* Mu_nectingV2UITests.swift in Sources */ = {isa = PBXBuildFile; fileRef = D2F0C28B2B947C8B00683E4A /* Mu_nectingV2UITests.swift */; };
		D2F0C28E2B947C8B00683E4A /* Mu_nectingV2UITestsLaunchTests.swift in Sources */ = {isa = PBXBuildFile; fileRef = D2F0C28D2B947C8B00683E4A /* Mu_nectingV2UITestsLaunchTests.swift */; };
/* End PBXBuildFile section */

/* Begin PBXContainerItemProxy section */
		D2F0C27E2B947C8B00683E4A /* PBXContainerItemProxy */ = {
			isa = PBXContainerItemProxy;
			containerPortal = D2F0C25F2B947C8A00683E4A /* Project object */;
			proxyType = 1;
			remoteGlobalIDString = D2F0C2662B947C8A00683E4A;
			remoteInfo = "Mu-nectingV2";
		};
		D2F0C2882B947C8B00683E4A /* PBXContainerItemProxy */ = {
			isa = PBXContainerItemProxy;
			containerPortal = D2F0C25F2B947C8A00683E4A /* Project object */;
			proxyType = 1;
			remoteGlobalIDString = D2F0C2662B947C8A00683E4A;
			remoteInfo = "Mu-nectingV2";
		};
/* End PBXContainerItemProxy section */

/* Begin PBXFileReference section */
		B39B075F2B99C41100C20EB1 /* TabBarViewController.swift */ = {isa = PBXFileReference; lastKnownFileType = sourcecode.swift; path = TabBarViewController.swift; sourceTree = "<group>"; };
		B39B07652B99C44200C20EB1 /* UploadViewController.swift */ = {isa = PBXFileReference; lastKnownFileType = sourcecode.swift; path = UploadViewController.swift; sourceTree = "<group>"; };
		B39B07672B99C45300C20EB1 /* MyPageViewController.swift */ = {isa = PBXFileReference; lastKnownFileType = sourcecode.swift; path = MyPageViewController.swift; sourceTree = "<group>"; };
		D20852622CA1917700D3A1CB /* PlayListPage.swift */ = {isa = PBXFileReference; lastKnownFileType = sourcecode.swift; path = PlayListPage.swift; sourceTree = "<group>"; };
		D2099E7B2BF35E8900C8D0F1 /* ListeningViewController.swift */ = {isa = PBXFileReference; lastKnownFileType = sourcecode.swift; path = ListeningViewController.swift; sourceTree = "<group>"; };
		D2142A102BDEDF1A0079E5D0 /* LoginViewController.swift */ = {isa = PBXFileReference; lastKnownFileType = sourcecode.swift; path = LoginViewController.swift; sourceTree = "<group>"; };
		D2142A142BDEDFA30079E5D0 /* UIColor.swift */ = {isa = PBXFileReference; lastKnownFileType = sourcecode.swift; path = UIColor.swift; sourceTree = "<group>"; };
		D2142A162BDEE3D70079E5D0 /* UILabel.swift */ = {isa = PBXFileReference; lastKnownFileType = sourcecode.swift; path = UILabel.swift; sourceTree = "<group>"; };
		D2142A182BDEE5910079E5D0 /* EmailLoginViewController.swift */ = {isa = PBXFileReference; lastKnownFileType = sourcecode.swift; path = EmailLoginViewController.swift; sourceTree = "<group>"; };
		D2142A1C2BDEEC450079E5D0 /* SignUpViewController.swift */ = {isa = PBXFileReference; lastKnownFileType = sourcecode.swift; path = SignUpViewController.swift; sourceTree = "<group>"; };
		D2525E6F2CEB65DE001AC2C9 /* type.swift */ = {isa = PBXFileReference; lastKnownFileType = sourcecode.swift; path = type.swift; sourceTree = "<group>"; };
		D27BFACF2C05E42B00C0504F /* SearchViewController.swift */ = {isa = PBXFileReference; lastKnownFileType = sourcecode.swift; path = SearchViewController.swift; sourceTree = "<group>"; };
		D27BFAD22C05FB1200C0504F /* PlayListViewController.swift */ = {isa = PBXFileReference; lastKnownFileType = sourcecode.swift; path = PlayListViewController.swift; sourceTree = "<group>"; };
		D27BFAD42C072EAF00C0504F /* HorizontalTableViewCell.swift */ = {isa = PBXFileReference; lastKnownFileType = sourcecode.swift; path = HorizontalTableViewCell.swift; sourceTree = "<group>"; };
		D27BFAD62C0731E800C0504F /* ImageCollectionViewCell.swift */ = {isa = PBXFileReference; lastKnownFileType = sourcecode.swift; path = ImageCollectionViewCell.swift; sourceTree = "<group>"; };
		D28FC3D42C7CAE2800AFF58E /* Mu-nectingV2.entitlements */ = {isa = PBXFileReference; lastKnownFileType = text.plist.entitlements; path = "Mu-nectingV2.entitlements"; sourceTree = "<group>"; };
		D28FC3DB2C85D8E400AFF58E /* LoginAPI.swift */ = {isa = PBXFileReference; lastKnownFileType = sourcecode.swift; path = LoginAPI.swift; sourceTree = "<group>"; };
		D28FC3DD2C85D8F200AFF58E /* LoginRepository.swift */ = {isa = PBXFileReference; lastKnownFileType = sourcecode.swift; path = LoginRepository.swift; sourceTree = "<group>"; };
		D28FC3EE2C85E36900AFF58E /* GoogleService-Info.plist */ = {isa = PBXFileReference; fileEncoding = 4; lastKnownFileType = text.plist.xml; path = "GoogleService-Info.plist"; sourceTree = "<group>"; };
		D2C30A0D2C450A14003C0CD4 /* AddNewPlayListViewController.swift */ = {isa = PBXFileReference; lastKnownFileType = sourcecode.swift; path = AddNewPlayListViewController.swift; sourceTree = "<group>"; };
		D2C30A0F2C4513A4003C0CD4 /* AddSongViewController.swift */ = {isa = PBXFileReference; lastKnownFileType = sourcecode.swift; path = AddSongViewController.swift; sourceTree = "<group>"; };
		D2C30A132C4E3C78003C0CD4 /* PlayListEditModalViewController.swift */ = {isa = PBXFileReference; lastKnownFileType = sourcecode.swift; path = PlayListEditModalViewController.swift; sourceTree = "<group>"; };
		D2C30A162C4E4384003C0CD4 /* IconTableViewCell.swift */ = {isa = PBXFileReference; lastKnownFileType = sourcecode.swift; path = IconTableViewCell.swift; sourceTree = "<group>"; };
		D2C30A182C4E69B2003C0CD4 /* UIView.swift */ = {isa = PBXFileReference; lastKnownFileType = sourcecode.swift; path = UIView.swift; sourceTree = "<group>"; };
		D2C30A1A2C4E7068003C0CD4 /* PlayListEditViewController.swift */ = {isa = PBXFileReference; lastKnownFileType = sourcecode.swift; path = PlayListEditViewController.swift; sourceTree = "<group>"; };
		D2C30A1C2C4E75D3003C0CD4 /* AlbumImageView.swift */ = {isa = PBXFileReference; lastKnownFileType = sourcecode.swift; path = AlbumImageView.swift; sourceTree = "<group>"; };
		D2C30A1E2C4E7AFF003C0CD4 /* PlayList.swift */ = {isa = PBXFileReference; lastKnownFileType = sourcecode.swift; path = PlayList.swift; sourceTree = "<group>"; };
		D2C30A202C4E7E48003C0CD4 /* PlaylistTableViewCell.swift */ = {isa = PBXFileReference; lastKnownFileType = sourcecode.swift; path = PlaylistTableViewCell.swift; sourceTree = "<group>"; };
		D2C30A222C4E7EFF003C0CD4 /* PlayListTableView.swift */ = {isa = PBXFileReference; lastKnownFileType = sourcecode.swift; path = PlayListTableView.swift; sourceTree = "<group>"; };
		D2D5933E2BB338150010D29D /* User.swift */ = {isa = PBXFileReference; lastKnownFileType = sourcecode.swift; path = User.swift; sourceTree = "<group>"; };
		D2D593432BB339240010D29D /* MyPageTableViewCell.swift */ = {isa = PBXFileReference; lastKnownFileType = sourcecode.swift; path = MyPageTableViewCell.swift; sourceTree = "<group>"; };
		D2D593452BB46CDF0010D29D /* Track.swift */ = {isa = PBXFileReference; lastKnownFileType = sourcecode.swift; path = Track.swift; sourceTree = "<group>"; };
		D2D593472BB59FEC0010D29D /* ProfileViewController.swift */ = {isa = PBXFileReference; lastKnownFileType = sourcecode.swift; path = ProfileViewController.swift; sourceTree = "<group>"; };
		D2D593492BB5A3A40010D29D /* SettingViewController.swift */ = {isa = PBXFileReference; lastKnownFileType = sourcecode.swift; path = SettingViewController.swift; sourceTree = "<group>"; };
		D2E404D22C57C0CC005B085D /* BaseRepository.swift */ = {isa = PBXFileReference; lastKnownFileType = sourcecode.swift; path = BaseRepository.swift; sourceTree = "<group>"; };
		D2E404D42C57C119005B085D /* BaseAPI.swift */ = {isa = PBXFileReference; lastKnownFileType = sourcecode.swift; path = BaseAPI.swift; sourceTree = "<group>"; };
		D2E404D62C57C368005B085D /* BaseResponse.swift */ = {isa = PBXFileReference; lastKnownFileType = sourcecode.swift; path = BaseResponse.swift; sourceTree = "<group>"; };
		D2E404D92C57C72C005B085D /* ExampleRepository.swift */ = {isa = PBXFileReference; lastKnownFileType = sourcecode.swift; path = ExampleRepository.swift; sourceTree = "<group>"; };
		D2E404DB2C57C752005B085D /* ExampleAPI.swift */ = {isa = PBXFileReference; lastKnownFileType = sourcecode.swift; path = ExampleAPI.swift; sourceTree = "<group>"; };
		D2E404DF2C6A140B005B085D /* SpotifyImage.swift */ = {isa = PBXFileReference; lastKnownFileType = sourcecode.swift; path = SpotifyImage.swift; sourceTree = "<group>"; };
		D2E404E12C6A147C005B085D /* Artist.swift */ = {isa = PBXFileReference; lastKnownFileType = sourcecode.swift; path = Artist.swift; sourceTree = "<group>"; };
		D2E404E42C6A16D4005B085D /* MusicHelper.swift */ = {isa = PBXFileReference; lastKnownFileType = sourcecode.swift; path = MusicHelper.swift; sourceTree = "<group>"; };
		D2E404E82C6A1EA4005B085D /* MiniPlayerView.swift */ = {isa = PBXFileReference; lastKnownFileType = sourcecode.swift; path = MiniPlayerView.swift; sourceTree = "<group>"; };
		D2F0C2672B947C8A00683E4A /* Mu-nectingV2.app */ = {isa = PBXFileReference; explicitFileType = wrapper.application; includeInIndex = 0; path = "Mu-nectingV2.app"; sourceTree = BUILT_PRODUCTS_DIR; };
		D2F0C26A2B947C8A00683E4A /* AppDelegate.swift */ = {isa = PBXFileReference; lastKnownFileType = sourcecode.swift; path = AppDelegate.swift; sourceTree = "<group>"; };
		D2F0C26C2B947C8A00683E4A /* SceneDelegate.swift */ = {isa = PBXFileReference; lastKnownFileType = sourcecode.swift; path = SceneDelegate.swift; sourceTree = "<group>"; };
		D2F0C26E2B947C8A00683E4A /* ViewController.swift */ = {isa = PBXFileReference; lastKnownFileType = sourcecode.swift; path = ViewController.swift; sourceTree = "<group>"; };
		D2F0C2732B947C8B00683E4A /* Assets.xcassets */ = {isa = PBXFileReference; lastKnownFileType = folder.assetcatalog; path = Assets.xcassets; sourceTree = "<group>"; };
		D2F0C2762B947C8B00683E4A /* Base */ = {isa = PBXFileReference; lastKnownFileType = file.storyboard; name = Base; path = Base.lproj/LaunchScreen.storyboard; sourceTree = "<group>"; };
		D2F0C2782B947C8B00683E4A /* Info.plist */ = {isa = PBXFileReference; lastKnownFileType = text.plist.xml; path = Info.plist; sourceTree = "<group>"; };
		D2F0C27D2B947C8B00683E4A /* Mu-nectingV2Tests.xctest */ = {isa = PBXFileReference; explicitFileType = wrapper.cfbundle; includeInIndex = 0; path = "Mu-nectingV2Tests.xctest"; sourceTree = BUILT_PRODUCTS_DIR; };
		D2F0C2812B947C8B00683E4A /* Mu_nectingV2Tests.swift */ = {isa = PBXFileReference; lastKnownFileType = sourcecode.swift; path = Mu_nectingV2Tests.swift; sourceTree = "<group>"; };
		D2F0C2872B947C8B00683E4A /* Mu-nectingV2UITests.xctest */ = {isa = PBXFileReference; explicitFileType = wrapper.cfbundle; includeInIndex = 0; path = "Mu-nectingV2UITests.xctest"; sourceTree = BUILT_PRODUCTS_DIR; };
		D2F0C28B2B947C8B00683E4A /* Mu_nectingV2UITests.swift */ = {isa = PBXFileReference; lastKnownFileType = sourcecode.swift; path = Mu_nectingV2UITests.swift; sourceTree = "<group>"; };
		D2F0C28D2B947C8B00683E4A /* Mu_nectingV2UITestsLaunchTests.swift */ = {isa = PBXFileReference; lastKnownFileType = sourcecode.swift; path = Mu_nectingV2UITestsLaunchTests.swift; sourceTree = "<group>"; };
/* End PBXFileReference section */

/* Begin PBXFileSystemSynchronizedRootGroup section */
		B31671D82D0F2C3F0008FE5E /* soy */ = {isa = PBXFileSystemSynchronizedRootGroup; explicitFileTypes = {}; explicitFolders = (); path = soy; sourceTree = "<group>"; };
/* End PBXFileSystemSynchronizedRootGroup section */

/* Begin PBXFrameworksBuildPhase section */
		D2F0C2642B947C8A00683E4A /* Frameworks */ = {
			isa = PBXFrameworksBuildPhase;
			buildActionMask = 2147483647;
			files = (
				D2E404ED2C6A2D52005B085D /* Kingfisher in Frameworks */,
				D28FC3C52C7CAD6B00AFF58E /* KakaoSDKCommon in Frameworks */,
				D28FC3C92C7CAD6B00AFF58E /* KakaoSDKFriendCore in Frameworks */,
				D2E404D12C57C0AE005B085D /* Moya in Frameworks */,
				D28FC3C32C7CAD6B00AFF58E /* KakaoSDKCertCore in Frameworks */,
				D28FC3EB2C85E2C700AFF58E /* GoogleSignIn in Frameworks */,
				D28FC3CD2C7CAD6B00AFF58E /* KakaoSDKShare in Frameworks */,
				D28FC3BD2C7CAD6B00AFF58E /* KakaoSDK in Frameworks */,
				D28FC3E32C85E2AF00AFF58E /* FirebaseAnalyticsOnDeviceConversion in Frameworks */,
				D28FC3ED2C85E2C700AFF58E /* GoogleSignInSwift in Frameworks */,
				D28FC3BF2C7CAD6B00AFF58E /* KakaoSDKAuth in Frameworks */,
				D28FC3E52C85E2AF00AFF58E /* FirebaseAnalyticsWithoutAdIdSupport in Frameworks */,
				D28FC3E12C85E2AF00AFF58E /* FirebaseAnalytics in Frameworks */,
				D28FC3CB2C7CAD6B00AFF58E /* KakaoSDKNavi in Frameworks */,
				D28FC3E92C85E2AF00AFF58E /* FirebaseAppDistribution-Beta in Frameworks */,
				D28FC3CF2C7CAD6B00AFF58E /* KakaoSDKTalk in Frameworks */,
				D28FC3D32C7CAD6B00AFF58E /* KakaoSDKUser in Frameworks */,
				D28FC3C12C7CAD6B00AFF58E /* KakaoSDKCert in Frameworks */,
				D28FC3D12C7CAD6B00AFF58E /* KakaoSDKTemplate in Frameworks */,
				D28FC3E72C85E2AF00AFF58E /* FirebaseAppCheck in Frameworks */,
				D28FC3C72C7CAD6B00AFF58E /* KakaoSDKFriend in Frameworks */,
			);
			runOnlyForDeploymentPostprocessing = 0;
		};
		D2F0C27A2B947C8B00683E4A /* Frameworks */ = {
			isa = PBXFrameworksBuildPhase;
			buildActionMask = 2147483647;
			files = (
			);
			runOnlyForDeploymentPostprocessing = 0;
		};
		D2F0C2842B947C8B00683E4A /* Frameworks */ = {
			isa = PBXFrameworksBuildPhase;
			buildActionMask = 2147483647;
			files = (
			);
			runOnlyForDeploymentPostprocessing = 0;
		};
/* End PBXFrameworksBuildPhase section */

/* Begin PBXGroup section */
		D2099E7A2BF35E6E00C8D0F1 /* Listening */ = {
			isa = PBXGroup;
			children = (
				D2099E7B2BF35E8900C8D0F1 /* ListeningViewController.swift */,
			);
			path = Listening;
			sourceTree = "<group>";
		};
		D2142A0F2BDEDE6E0079E5D0 /* Login */ = {
			isa = PBXGroup;
			children = (
				D2142A102BDEDF1A0079E5D0 /* LoginViewController.swift */,
				D2142A182BDEE5910079E5D0 /* EmailLoginViewController.swift */,
				D2142A1C2BDEEC450079E5D0 /* SignUpViewController.swift */,
			);
			path = Login;
			sourceTree = "<group>";
		};
		D2142A132BDEDF8D0079E5D0 /* Extensions */ = {
			isa = PBXGroup;
			children = (
				D2142A142BDEDFA30079E5D0 /* UIColor.swift */,
				D2142A162BDEE3D70079E5D0 /* UILabel.swift */,
				D2C30A182C4E69B2003C0CD4 /* UIView.swift */,
			);
			path = Extensions;
			sourceTree = "<group>";
		};
		D27BFAD12C05FAF900C0504F /* PlayList */ = {
			isa = PBXGroup;
			children = (
				D27BFAD22C05FB1200C0504F /* PlayListViewController.swift */,
				D2C30A1A2C4E7068003C0CD4 /* PlayListEditViewController.swift */,
				D2C30A1C2C4E75D3003C0CD4 /* AlbumImageView.swift */,
			);
			path = PlayList;
			sourceTree = "<group>";
		};
		D28FC3DA2C85D8B400AFF58E /* Login */ = {
			isa = PBXGroup;
			children = (
				D28FC3DB2C85D8E400AFF58E /* LoginAPI.swift */,
				D28FC3DD2C85D8F200AFF58E /* LoginRepository.swift */,
				D2525E6F2CEB65DE001AC2C9 /* type.swift */,
			);
			path = Login;
			sourceTree = "<group>";
		};
		D2C30A122C4E3C51003C0CD4 /* Modal */ = {
			isa = PBXGroup;
			children = (
				D2C30A132C4E3C78003C0CD4 /* PlayListEditModalViewController.swift */,
			);
			path = Modal;
			sourceTree = "<group>";
		};
		D2C30A152C4E436F003C0CD4 /* Table */ = {
			isa = PBXGroup;
			children = (
				D2C30A162C4E4384003C0CD4 /* IconTableViewCell.swift */,
				D2C30A202C4E7E48003C0CD4 /* PlaylistTableViewCell.swift */,
				D2C30A222C4E7EFF003C0CD4 /* PlayListTableView.swift */,
			);
			path = Table;
			sourceTree = "<group>";
		};
		D2D5933D2BB337C50010D29D /* Model */ = {
			isa = PBXGroup;
			children = (
				D2D5933E2BB338150010D29D /* User.swift */,
				D2D593452BB46CDF0010D29D /* Track.swift */,
				D2C30A1E2C4E7AFF003C0CD4 /* PlayList.swift */,
				D2E404DF2C6A140B005B085D /* SpotifyImage.swift */,
				D2E404E12C6A147C005B085D /* Artist.swift */,
				D20852622CA1917700D3A1CB /* PlayListPage.swift */,
			);
			path = Model;
			sourceTree = "<group>";
		};
		D2D593412BB338F80010D29D /* View */ = {
			isa = PBXGroup;
			children = (
				D2E404E72C6A1E7D005B085D /* MiniPlayer */,
				D2C30A152C4E436F003C0CD4 /* Table */,
				D2C30A122C4E3C51003C0CD4 /* Modal */,
				D27BFAD12C05FAF900C0504F /* PlayList */,
				D2099E7A2BF35E6E00C8D0F1 /* Listening */,
				D2142A0F2BDEDE6E0079E5D0 /* Login */,
				D2D593422BB338FE0010D29D /* MyPage */,
			);
			path = View;
			sourceTree = "<group>";
		};
		D2D593422BB338FE0010D29D /* MyPage */ = {
			isa = PBXGroup;
			children = (
				B39B07672B99C45300C20EB1 /* MyPageViewController.swift */,
				D2D593432BB339240010D29D /* MyPageTableViewCell.swift */,
				D2D593472BB59FEC0010D29D /* ProfileViewController.swift */,
				D2D593492BB5A3A40010D29D /* SettingViewController.swift */,
				D27BFACF2C05E42B00C0504F /* SearchViewController.swift */,
				D27BFAD42C072EAF00C0504F /* HorizontalTableViewCell.swift */,
				D27BFAD62C0731E800C0504F /* ImageCollectionViewCell.swift */,
				D2C30A0D2C450A14003C0CD4 /* AddNewPlayListViewController.swift */,
				D2C30A0F2C4513A4003C0CD4 /* AddSongViewController.swift */,
			);
			path = MyPage;
			sourceTree = "<group>";
		};
		D2E404CE2C57BD70005B085D /* Network */ = {
			isa = PBXGroup;
			children = (
				D28FC3DA2C85D8B400AFF58E /* Login */,
				D2E404D82C57C700005B085D /* Example */,
				D2E404D22C57C0CC005B085D /* BaseRepository.swift */,
				D2E404D42C57C119005B085D /* BaseAPI.swift */,
				D2E404D62C57C368005B085D /* BaseResponse.swift */,
			);
			path = Network;
			sourceTree = "<group>";
		};
		D2E404D82C57C700005B085D /* Example */ = {
			isa = PBXGroup;
			children = (
				D2E404D92C57C72C005B085D /* ExampleRepository.swift */,
				D2E404DB2C57C752005B085D /* ExampleAPI.swift */,
			);
			path = Example;
			sourceTree = "<group>";
		};
		D2E404E32C6A166A005B085D /* Util */ = {
			isa = PBXGroup;
			children = (
				D2E404E42C6A16D4005B085D /* MusicHelper.swift */,
			);
			path = Util;
			sourceTree = "<group>";
		};
		D2E404E72C6A1E7D005B085D /* MiniPlayer */ = {
			isa = PBXGroup;
			children = (
				D2E404E82C6A1EA4005B085D /* MiniPlayerView.swift */,
			);
			path = MiniPlayer;
			sourceTree = "<group>";
		};
		D2E404EB2C6A2D52005B085D /* Frameworks */ = {
			isa = PBXGroup;
			children = (
			);
			name = Frameworks;
			sourceTree = "<group>";
		};
		D2F0C25E2B947C8A00683E4A = {
			isa = PBXGroup;
			children = (
				D2F0C2692B947C8A00683E4A /* Mu-nectingV2 */,
				D2F0C2802B947C8B00683E4A /* Mu-nectingV2Tests */,
				D2F0C28A2B947C8B00683E4A /* Mu-nectingV2UITests */,
				D2F0C2682B947C8A00683E4A /* Products */,
				D2E404EB2C6A2D52005B085D /* Frameworks */,
			);
			sourceTree = "<group>";
		};
		D2F0C2682B947C8A00683E4A /* Products */ = {
			isa = PBXGroup;
			children = (
				D2F0C2672B947C8A00683E4A /* Mu-nectingV2.app */,
				D2F0C27D2B947C8B00683E4A /* Mu-nectingV2Tests.xctest */,
				D2F0C2872B947C8B00683E4A /* Mu-nectingV2UITests.xctest */,
			);
			name = Products;
			sourceTree = "<group>";
		};
		D2F0C2692B947C8A00683E4A /* Mu-nectingV2 */ = {
			isa = PBXGroup;
			children = (
				B31671D82D0F2C3F0008FE5E /* soy */,
				D28FC3EE2C85E36900AFF58E /* GoogleService-Info.plist */,
				D28FC3D42C7CAE2800AFF58E /* Mu-nectingV2.entitlements */,
				D2E404E32C6A166A005B085D /* Util */,
				D2E404CE2C57BD70005B085D /* Network */,
				D2142A132BDEDF8D0079E5D0 /* Extensions */,
				D2D593412BB338F80010D29D /* View */,
				D2D5933D2BB337C50010D29D /* Model */,
				D2F0C26A2B947C8A00683E4A /* AppDelegate.swift */,
				D2F0C26C2B947C8A00683E4A /* SceneDelegate.swift */,
				D2F0C26E2B947C8A00683E4A /* ViewController.swift */,
				D2F0C2732B947C8B00683E4A /* Assets.xcassets */,
				D2F0C2752B947C8B00683E4A /* LaunchScreen.storyboard */,
				D2F0C2782B947C8B00683E4A /* Info.plist */,
				B39B075F2B99C41100C20EB1 /* TabBarViewController.swift */,
				B39B07652B99C44200C20EB1 /* UploadViewController.swift */,
			);
			path = "Mu-nectingV2";
			sourceTree = "<group>";
		};
		D2F0C2802B947C8B00683E4A /* Mu-nectingV2Tests */ = {
			isa = PBXGroup;
			children = (
				D2F0C2812B947C8B00683E4A /* Mu_nectingV2Tests.swift */,
			);
			path = "Mu-nectingV2Tests";
			sourceTree = "<group>";
		};
		D2F0C28A2B947C8B00683E4A /* Mu-nectingV2UITests */ = {
			isa = PBXGroup;
			children = (
				D2F0C28B2B947C8B00683E4A /* Mu_nectingV2UITests.swift */,
				D2F0C28D2B947C8B00683E4A /* Mu_nectingV2UITestsLaunchTests.swift */,
			);
			path = "Mu-nectingV2UITests";
			sourceTree = "<group>";
		};
/* End PBXGroup section */

/* Begin PBXNativeTarget section */
		D2F0C2662B947C8A00683E4A /* Mu-nectingV2 */ = {
			isa = PBXNativeTarget;
			buildConfigurationList = D2F0C2912B947C8B00683E4A /* Build configuration list for PBXNativeTarget "Mu-nectingV2" */;
			buildPhases = (
				D2F0C2632B947C8A00683E4A /* Sources */,
				D2F0C2642B947C8A00683E4A /* Frameworks */,
				D2F0C2652B947C8A00683E4A /* Resources */,
			);
			buildRules = (
			);
			dependencies = (
			);
			fileSystemSynchronizedGroups = (
				B31671D82D0F2C3F0008FE5E /* soy */,
			);
			name = "Mu-nectingV2";
			packageProductDependencies = (
				D2E404D02C57C0AE005B085D /* Moya */,
				D2E404EC2C6A2D52005B085D /* Kingfisher */,
				D28FC3BC2C7CAD6B00AFF58E /* KakaoSDK */,
				D28FC3BE2C7CAD6B00AFF58E /* KakaoSDKAuth */,
				D28FC3C02C7CAD6B00AFF58E /* KakaoSDKCert */,
				D28FC3C22C7CAD6B00AFF58E /* KakaoSDKCertCore */,
				D28FC3C42C7CAD6B00AFF58E /* KakaoSDKCommon */,
				D28FC3C62C7CAD6B00AFF58E /* KakaoSDKFriend */,
				D28FC3C82C7CAD6B00AFF58E /* KakaoSDKFriendCore */,
				D28FC3CA2C7CAD6B00AFF58E /* KakaoSDKNavi */,
				D28FC3CC2C7CAD6B00AFF58E /* KakaoSDKShare */,
				D28FC3CE2C7CAD6B00AFF58E /* KakaoSDKTalk */,
				D28FC3D02C7CAD6B00AFF58E /* KakaoSDKTemplate */,
				D28FC3D22C7CAD6B00AFF58E /* KakaoSDKUser */,
				D28FC3E02C85E2AF00AFF58E /* FirebaseAnalytics */,
				D28FC3E22C85E2AF00AFF58E /* FirebaseAnalyticsOnDeviceConversion */,
				D28FC3E42C85E2AF00AFF58E /* FirebaseAnalyticsWithoutAdIdSupport */,
				D28FC3E62C85E2AF00AFF58E /* FirebaseAppCheck */,
				D28FC3E82C85E2AF00AFF58E /* FirebaseAppDistribution-Beta */,
				D28FC3EA2C85E2C700AFF58E /* GoogleSignIn */,
				D28FC3EC2C85E2C700AFF58E /* GoogleSignInSwift */,
			);
			productName = "Mu-nectingV2";
			productReference = D2F0C2672B947C8A00683E4A /* Mu-nectingV2.app */;
			productType = "com.apple.product-type.application";
		};
		D2F0C27C2B947C8B00683E4A /* Mu-nectingV2Tests */ = {
			isa = PBXNativeTarget;
			buildConfigurationList = D2F0C2942B947C8B00683E4A /* Build configuration list for PBXNativeTarget "Mu-nectingV2Tests" */;
			buildPhases = (
				D2F0C2792B947C8B00683E4A /* Sources */,
				D2F0C27A2B947C8B00683E4A /* Frameworks */,
				D2F0C27B2B947C8B00683E4A /* Resources */,
			);
			buildRules = (
			);
			dependencies = (
				D2F0C27F2B947C8B00683E4A /* PBXTargetDependency */,
			);
			name = "Mu-nectingV2Tests";
			productName = "Mu-nectingV2Tests";
			productReference = D2F0C27D2B947C8B00683E4A /* Mu-nectingV2Tests.xctest */;
			productType = "com.apple.product-type.bundle.unit-test";
		};
		D2F0C2862B947C8B00683E4A /* Mu-nectingV2UITests */ = {
			isa = PBXNativeTarget;
			buildConfigurationList = D2F0C2972B947C8B00683E4A /* Build configuration list for PBXNativeTarget "Mu-nectingV2UITests" */;
			buildPhases = (
				D2F0C2832B947C8B00683E4A /* Sources */,
				D2F0C2842B947C8B00683E4A /* Frameworks */,
				D2F0C2852B947C8B00683E4A /* Resources */,
			);
			buildRules = (
			);
			dependencies = (
				D2F0C2892B947C8B00683E4A /* PBXTargetDependency */,
			);
			name = "Mu-nectingV2UITests";
			productName = "Mu-nectingV2UITests";
			productReference = D2F0C2872B947C8B00683E4A /* Mu-nectingV2UITests.xctest */;
			productType = "com.apple.product-type.bundle.ui-testing";
		};
/* End PBXNativeTarget section */

/* Begin PBXProject section */
		D2F0C25F2B947C8A00683E4A /* Project object */ = {
			isa = PBXProject;
			attributes = {
				BuildIndependentTargetsInParallel = 1;
				LastSwiftUpdateCheck = 1520;
				LastUpgradeCheck = 1520;
				TargetAttributes = {
					D2F0C2662B947C8A00683E4A = {
						CreatedOnToolsVersion = 15.2;
					};
					D2F0C27C2B947C8B00683E4A = {
						CreatedOnToolsVersion = 15.2;
						TestTargetID = D2F0C2662B947C8A00683E4A;
					};
					D2F0C2862B947C8B00683E4A = {
						CreatedOnToolsVersion = 15.2;
						TestTargetID = D2F0C2662B947C8A00683E4A;
					};
				};
			};
			buildConfigurationList = D2F0C2622B947C8A00683E4A /* Build configuration list for PBXProject "Mu-nectingV2" */;
			compatibilityVersion = "Xcode 14.0";
			developmentRegion = en;
			hasScannedForEncodings = 0;
			knownRegions = (
				en,
				Base,
			);
			mainGroup = D2F0C25E2B947C8A00683E4A;
			packageReferences = (
				D2E404CF2C57C0AE005B085D /* XCRemoteSwiftPackageReference "Moya" */,
				D2E404EA2C6A2C62005B085D /* XCRemoteSwiftPackageReference "Kingfisher" */,
				D28FC3BB2C7CAC9100AFF58E /* XCRemoteSwiftPackageReference "kakao-ios-sdk" */,
				D28FC3D52C7CAF1300AFF58E /* XCRemoteSwiftPackageReference "GoogleSignIn-iOS" */,
				D28FC3DF2C85E2AF00AFF58E /* XCRemoteSwiftPackageReference "firebase-ios-sdk" */,
			);
			productRefGroup = D2F0C2682B947C8A00683E4A /* Products */;
			projectDirPath = "";
			projectRoot = "";
			targets = (
				D2F0C2662B947C8A00683E4A /* Mu-nectingV2 */,
				D2F0C27C2B947C8B00683E4A /* Mu-nectingV2Tests */,
				D2F0C2862B947C8B00683E4A /* Mu-nectingV2UITests */,
			);
		};
/* End PBXProject section */

/* Begin PBXResourcesBuildPhase section */
		D2F0C2652B947C8A00683E4A /* Resources */ = {
			isa = PBXResourcesBuildPhase;
			buildActionMask = 2147483647;
			files = (
				D2F0C2772B947C8B00683E4A /* LaunchScreen.storyboard in Resources */,
				D2F0C2742B947C8B00683E4A /* Assets.xcassets in Resources */,
				D28FC3EF2C85E36900AFF58E /* GoogleService-Info.plist in Resources */,
			);
			runOnlyForDeploymentPostprocessing = 0;
		};
		D2F0C27B2B947C8B00683E4A /* Resources */ = {
			isa = PBXResourcesBuildPhase;
			buildActionMask = 2147483647;
			files = (
			);
			runOnlyForDeploymentPostprocessing = 0;
		};
		D2F0C2852B947C8B00683E4A /* Resources */ = {
			isa = PBXResourcesBuildPhase;
			buildActionMask = 2147483647;
			files = (
			);
			runOnlyForDeploymentPostprocessing = 0;
		};
/* End PBXResourcesBuildPhase section */

/* Begin PBXSourcesBuildPhase section */
		D2F0C2632B947C8A00683E4A /* Sources */ = {
			isa = PBXSourcesBuildPhase;
			buildActionMask = 2147483647;
			files = (
				D2142A112BDEDF1A0079E5D0 /* LoginViewController.swift in Sources */,
				D2C30A1D2C4E75D3003C0CD4 /* AlbumImageView.swift in Sources */,
				B39B07662B99C44200C20EB1 /* UploadViewController.swift in Sources */,
				D2C30A1B2C4E7068003C0CD4 /* PlayListEditViewController.swift in Sources */,
				D2C30A232C4E7EFF003C0CD4 /* PlayListTableView.swift in Sources */,
				D2142A152BDEDFA30079E5D0 /* UIColor.swift in Sources */,
				D2D5934A2BB5A3A40010D29D /* SettingViewController.swift in Sources */,
				D20852632CA1917700D3A1CB /* PlayListPage.swift in Sources */,
				D2142A1D2BDEEC450079E5D0 /* SignUpViewController.swift in Sources */,
				D2099E7C2BF35E8900C8D0F1 /* ListeningViewController.swift in Sources */,
				D2E404DC2C57C752005B085D /* ExampleAPI.swift in Sources */,
				D2142A172BDEE3D70079E5D0 /* UILabel.swift in Sources */,
				D2C30A212C4E7E49003C0CD4 /* PlaylistTableViewCell.swift in Sources */,
				B39B07602B99C41100C20EB1 /* TabBarViewController.swift in Sources */,
				D2C30A142C4E3C78003C0CD4 /* PlayListEditModalViewController.swift in Sources */,
				D2C30A172C4E4384003C0CD4 /* IconTableViewCell.swift in Sources */,
				D27BFAD02C05E42B00C0504F /* SearchViewController.swift in Sources */,
				D2F0C26F2B947C8A00683E4A /* ViewController.swift in Sources */,
				D2D5933F2BB338150010D29D /* User.swift in Sources */,
				D2C30A1F2C4E7AFF003C0CD4 /* PlayList.swift in Sources */,
				D2C30A0E2C450A14003C0CD4 /* AddNewPlayListViewController.swift in Sources */,
				D2D593482BB59FEC0010D29D /* ProfileViewController.swift in Sources */,
				D2E404E52C6A16D4005B085D /* MusicHelper.swift in Sources */,
				D27BFAD32C05FB1200C0504F /* PlayListViewController.swift in Sources */,
				D2D593442BB339240010D29D /* MyPageTableViewCell.swift in Sources */,
				D2E404D32C57C0CC005B085D /* BaseRepository.swift in Sources */,
				D27BFAD72C0731E800C0504F /* ImageCollectionViewCell.swift in Sources */,
				D2142A192BDEE5910079E5D0 /* EmailLoginViewController.swift in Sources */,
				D28FC3DE2C85D8F200AFF58E /* LoginRepository.swift in Sources */,
				D2525E702CEB65DE001AC2C9 /* type.swift in Sources */,
				D2E404D72C57C368005B085D /* BaseResponse.swift in Sources */,
				D28FC3DC2C85D8E400AFF58E /* LoginAPI.swift in Sources */,
				D2E404E92C6A1EA4005B085D /* MiniPlayerView.swift in Sources */,
				D2D593462BB46CE00010D29D /* Track.swift in Sources */,
				D2F0C26B2B947C8A00683E4A /* AppDelegate.swift in Sources */,
				D2E404E02C6A140B005B085D /* SpotifyImage.swift in Sources */,
				D2F0C26D2B947C8A00683E4A /* SceneDelegate.swift in Sources */,
				D2C30A192C4E69B2003C0CD4 /* UIView.swift in Sources */,
				B39B07682B99C45300C20EB1 /* MyPageViewController.swift in Sources */,
				D2C30A102C4513A4003C0CD4 /* AddSongViewController.swift in Sources */,
				D27BFAD52C072EAF00C0504F /* HorizontalTableViewCell.swift in Sources */,
				D2E404DA2C57C72C005B085D /* ExampleRepository.swift in Sources */,
				D2E404E22C6A147C005B085D /* Artist.swift in Sources */,
				D2E404D52C57C119005B085D /* BaseAPI.swift in Sources */,
			);
			runOnlyForDeploymentPostprocessing = 0;
		};
		D2F0C2792B947C8B00683E4A /* Sources */ = {
			isa = PBXSourcesBuildPhase;
			buildActionMask = 2147483647;
			files = (
				D2F0C2822B947C8B00683E4A /* Mu_nectingV2Tests.swift in Sources */,
			);
			runOnlyForDeploymentPostprocessing = 0;
		};
		D2F0C2832B947C8B00683E4A /* Sources */ = {
			isa = PBXSourcesBuildPhase;
			buildActionMask = 2147483647;
			files = (
				D2F0C28C2B947C8B00683E4A /* Mu_nectingV2UITests.swift in Sources */,
				D2F0C28E2B947C8B00683E4A /* Mu_nectingV2UITestsLaunchTests.swift in Sources */,
			);
			runOnlyForDeploymentPostprocessing = 0;
		};
/* End PBXSourcesBuildPhase section */

/* Begin PBXTargetDependency section */
		D2F0C27F2B947C8B00683E4A /* PBXTargetDependency */ = {
			isa = PBXTargetDependency;
			target = D2F0C2662B947C8A00683E4A /* Mu-nectingV2 */;
			targetProxy = D2F0C27E2B947C8B00683E4A /* PBXContainerItemProxy */;
		};
		D2F0C2892B947C8B00683E4A /* PBXTargetDependency */ = {
			isa = PBXTargetDependency;
			target = D2F0C2662B947C8A00683E4A /* Mu-nectingV2 */;
			targetProxy = D2F0C2882B947C8B00683E4A /* PBXContainerItemProxy */;
		};
/* End PBXTargetDependency section */

/* Begin PBXVariantGroup section */
		D2F0C2752B947C8B00683E4A /* LaunchScreen.storyboard */ = {
			isa = PBXVariantGroup;
			children = (
				D2F0C2762B947C8B00683E4A /* Base */,
			);
			name = LaunchScreen.storyboard;
			sourceTree = "<group>";
		};
/* End PBXVariantGroup section */

/* Begin XCBuildConfiguration section */
		D2F0C28F2B947C8B00683E4A /* Debug */ = {
			isa = XCBuildConfiguration;
			buildSettings = {
				ALWAYS_SEARCH_USER_PATHS = NO;
				ASSETCATALOG_COMPILER_GENERATE_SWIFT_ASSET_SYMBOL_EXTENSIONS = YES;
				CLANG_ANALYZER_NONNULL = YES;
				CLANG_ANALYZER_NUMBER_OBJECT_CONVERSION = YES_AGGRESSIVE;
				CLANG_CXX_LANGUAGE_STANDARD = "gnu++20";
				CLANG_ENABLE_MODULES = YES;
				CLANG_ENABLE_OBJC_ARC = YES;
				CLANG_ENABLE_OBJC_WEAK = YES;
				CLANG_WARN_BLOCK_CAPTURE_AUTORELEASING = YES;
				CLANG_WARN_BOOL_CONVERSION = YES;
				CLANG_WARN_COMMA = YES;
				CLANG_WARN_CONSTANT_CONVERSION = YES;
				CLANG_WARN_DEPRECATED_OBJC_IMPLEMENTATIONS = YES;
				CLANG_WARN_DIRECT_OBJC_ISA_USAGE = YES_ERROR;
				CLANG_WARN_DOCUMENTATION_COMMENTS = YES;
				CLANG_WARN_EMPTY_BODY = YES;
				CLANG_WARN_ENUM_CONVERSION = YES;
				CLANG_WARN_INFINITE_RECURSION = YES;
				CLANG_WARN_INT_CONVERSION = YES;
				CLANG_WARN_NON_LITERAL_NULL_CONVERSION = YES;
				CLANG_WARN_OBJC_IMPLICIT_RETAIN_SELF = YES;
				CLANG_WARN_OBJC_LITERAL_CONVERSION = YES;
				CLANG_WARN_OBJC_ROOT_CLASS = YES_ERROR;
				CLANG_WARN_QUOTED_INCLUDE_IN_FRAMEWORK_HEADER = YES;
				CLANG_WARN_RANGE_LOOP_ANALYSIS = YES;
				CLANG_WARN_STRICT_PROTOTYPES = YES;
				CLANG_WARN_SUSPICIOUS_MOVE = YES;
				CLANG_WARN_UNGUARDED_AVAILABILITY = YES_AGGRESSIVE;
				CLANG_WARN_UNREACHABLE_CODE = YES;
				CLANG_WARN__DUPLICATE_METHOD_MATCH = YES;
				COPY_PHASE_STRIP = NO;
				DEBUG_INFORMATION_FORMAT = dwarf;
				ENABLE_STRICT_OBJC_MSGSEND = YES;
				ENABLE_TESTABILITY = YES;
				ENABLE_USER_SCRIPT_SANDBOXING = YES;
				GCC_C_LANGUAGE_STANDARD = gnu17;
				GCC_DYNAMIC_NO_PIC = NO;
				GCC_NO_COMMON_BLOCKS = YES;
				GCC_OPTIMIZATION_LEVEL = 0;
				GCC_PREPROCESSOR_DEFINITIONS = (
					"DEBUG=1",
					"$(inherited)",
				);
				GCC_WARN_64_TO_32_BIT_CONVERSION = YES;
				GCC_WARN_ABOUT_RETURN_TYPE = YES_ERROR;
				GCC_WARN_UNDECLARED_SELECTOR = YES;
				GCC_WARN_UNINITIALIZED_AUTOS = YES_AGGRESSIVE;
				GCC_WARN_UNUSED_FUNCTION = YES;
				GCC_WARN_UNUSED_VARIABLE = YES;
				IPHONEOS_DEPLOYMENT_TARGET = 17.2;
				LOCALIZATION_PREFERS_STRING_CATALOGS = YES;
				MTL_ENABLE_DEBUG_INFO = INCLUDE_SOURCE;
				MTL_FAST_MATH = YES;
				ONLY_ACTIVE_ARCH = YES;
				SDKROOT = iphoneos;
				SWIFT_ACTIVE_COMPILATION_CONDITIONS = "DEBUG $(inherited)";
				SWIFT_OPTIMIZATION_LEVEL = "-Onone";
			};
			name = Debug;
		};
		D2F0C2902B947C8B00683E4A /* Release */ = {
			isa = XCBuildConfiguration;
			buildSettings = {
				ALWAYS_SEARCH_USER_PATHS = NO;
				ASSETCATALOG_COMPILER_GENERATE_SWIFT_ASSET_SYMBOL_EXTENSIONS = YES;
				CLANG_ANALYZER_NONNULL = YES;
				CLANG_ANALYZER_NUMBER_OBJECT_CONVERSION = YES_AGGRESSIVE;
				CLANG_CXX_LANGUAGE_STANDARD = "gnu++20";
				CLANG_ENABLE_MODULES = YES;
				CLANG_ENABLE_OBJC_ARC = YES;
				CLANG_ENABLE_OBJC_WEAK = YES;
				CLANG_WARN_BLOCK_CAPTURE_AUTORELEASING = YES;
				CLANG_WARN_BOOL_CONVERSION = YES;
				CLANG_WARN_COMMA = YES;
				CLANG_WARN_CONSTANT_CONVERSION = YES;
				CLANG_WARN_DEPRECATED_OBJC_IMPLEMENTATIONS = YES;
				CLANG_WARN_DIRECT_OBJC_ISA_USAGE = YES_ERROR;
				CLANG_WARN_DOCUMENTATION_COMMENTS = YES;
				CLANG_WARN_EMPTY_BODY = YES;
				CLANG_WARN_ENUM_CONVERSION = YES;
				CLANG_WARN_INFINITE_RECURSION = YES;
				CLANG_WARN_INT_CONVERSION = YES;
				CLANG_WARN_NON_LITERAL_NULL_CONVERSION = YES;
				CLANG_WARN_OBJC_IMPLICIT_RETAIN_SELF = YES;
				CLANG_WARN_OBJC_LITERAL_CONVERSION = YES;
				CLANG_WARN_OBJC_ROOT_CLASS = YES_ERROR;
				CLANG_WARN_QUOTED_INCLUDE_IN_FRAMEWORK_HEADER = YES;
				CLANG_WARN_RANGE_LOOP_ANALYSIS = YES;
				CLANG_WARN_STRICT_PROTOTYPES = YES;
				CLANG_WARN_SUSPICIOUS_MOVE = YES;
				CLANG_WARN_UNGUARDED_AVAILABILITY = YES_AGGRESSIVE;
				CLANG_WARN_UNREACHABLE_CODE = YES;
				CLANG_WARN__DUPLICATE_METHOD_MATCH = YES;
				COPY_PHASE_STRIP = NO;
				DEBUG_INFORMATION_FORMAT = "dwarf-with-dsym";
				ENABLE_NS_ASSERTIONS = NO;
				ENABLE_STRICT_OBJC_MSGSEND = YES;
				ENABLE_USER_SCRIPT_SANDBOXING = YES;
				GCC_C_LANGUAGE_STANDARD = gnu17;
				GCC_NO_COMMON_BLOCKS = YES;
				GCC_WARN_64_TO_32_BIT_CONVERSION = YES;
				GCC_WARN_ABOUT_RETURN_TYPE = YES_ERROR;
				GCC_WARN_UNDECLARED_SELECTOR = YES;
				GCC_WARN_UNINITIALIZED_AUTOS = YES_AGGRESSIVE;
				GCC_WARN_UNUSED_FUNCTION = YES;
				GCC_WARN_UNUSED_VARIABLE = YES;
				IPHONEOS_DEPLOYMENT_TARGET = 17.2;
				LOCALIZATION_PREFERS_STRING_CATALOGS = YES;
				MTL_ENABLE_DEBUG_INFO = NO;
				MTL_FAST_MATH = YES;
				SDKROOT = iphoneos;
				SWIFT_COMPILATION_MODE = wholemodule;
				VALIDATE_PRODUCT = YES;
			};
			name = Release;
		};
		D2F0C2922B947C8B00683E4A /* Debug */ = {
			isa = XCBuildConfiguration;
			buildSettings = {
				ASSETCATALOG_COMPILER_APPICON_NAME = AppIcon;
				ASSETCATALOG_COMPILER_GLOBAL_ACCENT_COLOR_NAME = AccentColor;
				CODE_SIGN_ENTITLEMENTS = "Mu-nectingV2/Mu-nectingV2.entitlements";
				CODE_SIGN_STYLE = Automatic;
				CURRENT_PROJECT_VERSION = 1;
				GENERATE_INFOPLIST_FILE = YES;
				INFOPLIST_FILE = "Mu-nectingV2/Info.plist";
				INFOPLIST_KEY_UIApplicationSupportsIndirectInputEvents = YES;
				INFOPLIST_KEY_UILaunchStoryboardName = LaunchScreen;
				INFOPLIST_KEY_UISupportedInterfaceOrientations_iPad = "UIInterfaceOrientationPortrait UIInterfaceOrientationPortraitUpsideDown UIInterfaceOrientationLandscapeLeft UIInterfaceOrientationLandscapeRight";
				INFOPLIST_KEY_UISupportedInterfaceOrientations_iPhone = "UIInterfaceOrientationPortrait UIInterfaceOrientationLandscapeLeft UIInterfaceOrientationLandscapeRight";
				LD_RUNPATH_SEARCH_PATHS = (
					"$(inherited)",
					"@executable_path/Frameworks",
				);
				MARKETING_VERSION = 1.0;
				PRODUCT_BUNDLE_IDENTIFIER = "com.Munecting.Mu-nectingV2";
				PRODUCT_NAME = "$(TARGET_NAME)";
				SWIFT_EMIT_LOC_STRINGS = YES;
				SWIFT_VERSION = 5.0;
				TARGETED_DEVICE_FAMILY = "1,2";
			};
			name = Debug;
		};
		D2F0C2932B947C8B00683E4A /* Release */ = {
			isa = XCBuildConfiguration;
			buildSettings = {
				ASSETCATALOG_COMPILER_APPICON_NAME = AppIcon;
				ASSETCATALOG_COMPILER_GLOBAL_ACCENT_COLOR_NAME = AccentColor;
				CODE_SIGN_ENTITLEMENTS = "Mu-nectingV2/Mu-nectingV2.entitlements";
				CODE_SIGN_STYLE = Automatic;
				CURRENT_PROJECT_VERSION = 1;
				GENERATE_INFOPLIST_FILE = YES;
				INFOPLIST_FILE = "Mu-nectingV2/Info.plist";
				INFOPLIST_KEY_UIApplicationSupportsIndirectInputEvents = YES;
				INFOPLIST_KEY_UILaunchStoryboardName = LaunchScreen;
				INFOPLIST_KEY_UISupportedInterfaceOrientations_iPad = "UIInterfaceOrientationPortrait UIInterfaceOrientationPortraitUpsideDown UIInterfaceOrientationLandscapeLeft UIInterfaceOrientationLandscapeRight";
				INFOPLIST_KEY_UISupportedInterfaceOrientations_iPhone = "UIInterfaceOrientationPortrait UIInterfaceOrientationLandscapeLeft UIInterfaceOrientationLandscapeRight";
				LD_RUNPATH_SEARCH_PATHS = (
					"$(inherited)",
					"@executable_path/Frameworks",
				);
				MARKETING_VERSION = 1.0;
				PRODUCT_BUNDLE_IDENTIFIER = "com.Munecting.Mu-nectingV2";
				PRODUCT_NAME = "$(TARGET_NAME)";
				SWIFT_EMIT_LOC_STRINGS = YES;
				SWIFT_VERSION = 5.0;
				TARGETED_DEVICE_FAMILY = "1,2";
			};
			name = Release;
		};
		D2F0C2952B947C8B00683E4A /* Debug */ = {
			isa = XCBuildConfiguration;
			buildSettings = {
				ALWAYS_EMBED_SWIFT_STANDARD_LIBRARIES = YES;
				BUNDLE_LOADER = "$(TEST_HOST)";
				CODE_SIGN_STYLE = Automatic;
				CURRENT_PROJECT_VERSION = 1;
				GENERATE_INFOPLIST_FILE = YES;
				IPHONEOS_DEPLOYMENT_TARGET = 17.2;
				MARKETING_VERSION = 1.0;
				PRODUCT_BUNDLE_IDENTIFIER = "com.Munecting.Mu-nectingV2Tests";
				PRODUCT_NAME = "$(TARGET_NAME)";
				SWIFT_EMIT_LOC_STRINGS = NO;
				SWIFT_VERSION = 5.0;
				TARGETED_DEVICE_FAMILY = "1,2";
				TEST_HOST = "$(BUILT_PRODUCTS_DIR)/Mu-nectingV2.app/$(BUNDLE_EXECUTABLE_FOLDER_PATH)/Mu-nectingV2";
			};
			name = Debug;
		};
		D2F0C2962B947C8B00683E4A /* Release */ = {
			isa = XCBuildConfiguration;
			buildSettings = {
				ALWAYS_EMBED_SWIFT_STANDARD_LIBRARIES = YES;
				BUNDLE_LOADER = "$(TEST_HOST)";
				CODE_SIGN_STYLE = Automatic;
				CURRENT_PROJECT_VERSION = 1;
				GENERATE_INFOPLIST_FILE = YES;
				IPHONEOS_DEPLOYMENT_TARGET = 17.2;
				MARKETING_VERSION = 1.0;
				PRODUCT_BUNDLE_IDENTIFIER = "com.Munecting.Mu-nectingV2Tests";
				PRODUCT_NAME = "$(TARGET_NAME)";
				SWIFT_EMIT_LOC_STRINGS = NO;
				SWIFT_VERSION = 5.0;
				TARGETED_DEVICE_FAMILY = "1,2";
				TEST_HOST = "$(BUILT_PRODUCTS_DIR)/Mu-nectingV2.app/$(BUNDLE_EXECUTABLE_FOLDER_PATH)/Mu-nectingV2";
			};
			name = Release;
		};
		D2F0C2982B947C8B00683E4A /* Debug */ = {
			isa = XCBuildConfiguration;
			buildSettings = {
				ALWAYS_EMBED_SWIFT_STANDARD_LIBRARIES = YES;
				CODE_SIGN_STYLE = Automatic;
				CURRENT_PROJECT_VERSION = 1;
				GENERATE_INFOPLIST_FILE = YES;
				MARKETING_VERSION = 1.0;
				PRODUCT_BUNDLE_IDENTIFIER = "com.Munecting.Mu-nectingV2UITests";
				PRODUCT_NAME = "$(TARGET_NAME)";
				SWIFT_EMIT_LOC_STRINGS = NO;
				SWIFT_VERSION = 5.0;
				TARGETED_DEVICE_FAMILY = "1,2";
				TEST_TARGET_NAME = "Mu-nectingV2";
			};
			name = Debug;
		};
		D2F0C2992B947C8B00683E4A /* Release */ = {
			isa = XCBuildConfiguration;
			buildSettings = {
				ALWAYS_EMBED_SWIFT_STANDARD_LIBRARIES = YES;
				CODE_SIGN_STYLE = Automatic;
				CURRENT_PROJECT_VERSION = 1;
				GENERATE_INFOPLIST_FILE = YES;
				MARKETING_VERSION = 1.0;
				PRODUCT_BUNDLE_IDENTIFIER = "com.Munecting.Mu-nectingV2UITests";
				PRODUCT_NAME = "$(TARGET_NAME)";
				SWIFT_EMIT_LOC_STRINGS = NO;
				SWIFT_VERSION = 5.0;
				TARGETED_DEVICE_FAMILY = "1,2";
				TEST_TARGET_NAME = "Mu-nectingV2";
			};
			name = Release;
		};
/* End XCBuildConfiguration section */

/* Begin XCConfigurationList section */
		D2F0C2622B947C8A00683E4A /* Build configuration list for PBXProject "Mu-nectingV2" */ = {
			isa = XCConfigurationList;
			buildConfigurations = (
				D2F0C28F2B947C8B00683E4A /* Debug */,
				D2F0C2902B947C8B00683E4A /* Release */,
			);
			defaultConfigurationIsVisible = 0;
			defaultConfigurationName = Release;
		};
		D2F0C2912B947C8B00683E4A /* Build configuration list for PBXNativeTarget "Mu-nectingV2" */ = {
			isa = XCConfigurationList;
			buildConfigurations = (
				D2F0C2922B947C8B00683E4A /* Debug */,
				D2F0C2932B947C8B00683E4A /* Release */,
			);
			defaultConfigurationIsVisible = 0;
			defaultConfigurationName = Release;
		};
		D2F0C2942B947C8B00683E4A /* Build configuration list for PBXNativeTarget "Mu-nectingV2Tests" */ = {
			isa = XCConfigurationList;
			buildConfigurations = (
				D2F0C2952B947C8B00683E4A /* Debug */,
				D2F0C2962B947C8B00683E4A /* Release */,
			);
			defaultConfigurationIsVisible = 0;
			defaultConfigurationName = Release;
		};
		D2F0C2972B947C8B00683E4A /* Build configuration list for PBXNativeTarget "Mu-nectingV2UITests" */ = {
			isa = XCConfigurationList;
			buildConfigurations = (
				D2F0C2982B947C8B00683E4A /* Debug */,
				D2F0C2992B947C8B00683E4A /* Release */,
			);
			defaultConfigurationIsVisible = 0;
			defaultConfigurationName = Release;
		};
/* End XCConfigurationList section */

/* Begin XCRemoteSwiftPackageReference section */
		D28FC3BB2C7CAC9100AFF58E /* XCRemoteSwiftPackageReference "kakao-ios-sdk" */ = {
			isa = XCRemoteSwiftPackageReference;
			repositoryURL = "https://github.com/kakao/kakao-ios-sdk";
			requirement = {
				kind = upToNextMajorVersion;
				minimumVersion = 2.22.5;
			};
		};
		D28FC3D52C7CAF1300AFF58E /* XCRemoteSwiftPackageReference "GoogleSignIn-iOS" */ = {
			isa = XCRemoteSwiftPackageReference;
			repositoryURL = "https://github.com/google/GoogleSignIn-iOS";
			requirement = {
				kind = upToNextMajorVersion;
				minimumVersion = 8.0.0;
			};
		};
		D28FC3DF2C85E2AF00AFF58E /* XCRemoteSwiftPackageReference "firebase-ios-sdk" */ = {
			isa = XCRemoteSwiftPackageReference;
			repositoryURL = "https://github.com/firebase/firebase-ios-sdk";
			requirement = {
				kind = upToNextMajorVersion;
				minimumVersion = 11.1.0;
			};
		};
		D2E404CF2C57C0AE005B085D /* XCRemoteSwiftPackageReference "Moya" */ = {
			isa = XCRemoteSwiftPackageReference;
			repositoryURL = "https://github.com/Moya/Moya";
			requirement = {
				kind = upToNextMajorVersion;
				minimumVersion = 15.0.3;
			};
		};
		D2E404EA2C6A2C62005B085D /* XCRemoteSwiftPackageReference "Kingfisher" */ = {
			isa = XCRemoteSwiftPackageReference;
			repositoryURL = "https://github.com/onevcat/Kingfisher.git";
			requirement = {
				kind = upToNextMajorVersion;
				minimumVersion = 7.12.0;
			};
		};
/* End XCRemoteSwiftPackageReference section */

/* Begin XCSwiftPackageProductDependency section */
		D28FC3BC2C7CAD6B00AFF58E /* KakaoSDK */ = {
			isa = XCSwiftPackageProductDependency;
			package = D28FC3BB2C7CAC9100AFF58E /* XCRemoteSwiftPackageReference "kakao-ios-sdk" */;
			productName = KakaoSDK;
		};
		D28FC3BE2C7CAD6B00AFF58E /* KakaoSDKAuth */ = {
			isa = XCSwiftPackageProductDependency;
			package = D28FC3BB2C7CAC9100AFF58E /* XCRemoteSwiftPackageReference "kakao-ios-sdk" */;
			productName = KakaoSDKAuth;
		};
		D28FC3C02C7CAD6B00AFF58E /* KakaoSDKCert */ = {
			isa = XCSwiftPackageProductDependency;
			package = D28FC3BB2C7CAC9100AFF58E /* XCRemoteSwiftPackageReference "kakao-ios-sdk" */;
			productName = KakaoSDKCert;
		};
		D28FC3C22C7CAD6B00AFF58E /* KakaoSDKCertCore */ = {
			isa = XCSwiftPackageProductDependency;
			package = D28FC3BB2C7CAC9100AFF58E /* XCRemoteSwiftPackageReference "kakao-ios-sdk" */;
			productName = KakaoSDKCertCore;
		};
		D28FC3C42C7CAD6B00AFF58E /* KakaoSDKCommon */ = {
			isa = XCSwiftPackageProductDependency;
			package = D28FC3BB2C7CAC9100AFF58E /* XCRemoteSwiftPackageReference "kakao-ios-sdk" */;
			productName = KakaoSDKCommon;
		};
		D28FC3C62C7CAD6B00AFF58E /* KakaoSDKFriend */ = {
			isa = XCSwiftPackageProductDependency;
			package = D28FC3BB2C7CAC9100AFF58E /* XCRemoteSwiftPackageReference "kakao-ios-sdk" */;
			productName = KakaoSDKFriend;
		};
		D28FC3C82C7CAD6B00AFF58E /* KakaoSDKFriendCore */ = {
			isa = XCSwiftPackageProductDependency;
			package = D28FC3BB2C7CAC9100AFF58E /* XCRemoteSwiftPackageReference "kakao-ios-sdk" */;
			productName = KakaoSDKFriendCore;
		};
		D28FC3CA2C7CAD6B00AFF58E /* KakaoSDKNavi */ = {
			isa = XCSwiftPackageProductDependency;
			package = D28FC3BB2C7CAC9100AFF58E /* XCRemoteSwiftPackageReference "kakao-ios-sdk" */;
			productName = KakaoSDKNavi;
		};
		D28FC3CC2C7CAD6B00AFF58E /* KakaoSDKShare */ = {
			isa = XCSwiftPackageProductDependency;
			package = D28FC3BB2C7CAC9100AFF58E /* XCRemoteSwiftPackageReference "kakao-ios-sdk" */;
			productName = KakaoSDKShare;
		};
		D28FC3CE2C7CAD6B00AFF58E /* KakaoSDKTalk */ = {
			isa = XCSwiftPackageProductDependency;
			package = D28FC3BB2C7CAC9100AFF58E /* XCRemoteSwiftPackageReference "kakao-ios-sdk" */;
			productName = KakaoSDKTalk;
		};
		D28FC3D02C7CAD6B00AFF58E /* KakaoSDKTemplate */ = {
			isa = XCSwiftPackageProductDependency;
			package = D28FC3BB2C7CAC9100AFF58E /* XCRemoteSwiftPackageReference "kakao-ios-sdk" */;
			productName = KakaoSDKTemplate;
		};
		D28FC3D22C7CAD6B00AFF58E /* KakaoSDKUser */ = {
			isa = XCSwiftPackageProductDependency;
			package = D28FC3BB2C7CAC9100AFF58E /* XCRemoteSwiftPackageReference "kakao-ios-sdk" */;
			productName = KakaoSDKUser;
		};
		D28FC3E02C85E2AF00AFF58E /* FirebaseAnalytics */ = {
			isa = XCSwiftPackageProductDependency;
			package = D28FC3DF2C85E2AF00AFF58E /* XCRemoteSwiftPackageReference "firebase-ios-sdk" */;
			productName = FirebaseAnalytics;
		};
		D28FC3E22C85E2AF00AFF58E /* FirebaseAnalyticsOnDeviceConversion */ = {
			isa = XCSwiftPackageProductDependency;
			package = D28FC3DF2C85E2AF00AFF58E /* XCRemoteSwiftPackageReference "firebase-ios-sdk" */;
			productName = FirebaseAnalyticsOnDeviceConversion;
		};
		D28FC3E42C85E2AF00AFF58E /* FirebaseAnalyticsWithoutAdIdSupport */ = {
			isa = XCSwiftPackageProductDependency;
			package = D28FC3DF2C85E2AF00AFF58E /* XCRemoteSwiftPackageReference "firebase-ios-sdk" */;
			productName = FirebaseAnalyticsWithoutAdIdSupport;
		};
		D28FC3E62C85E2AF00AFF58E /* FirebaseAppCheck */ = {
			isa = XCSwiftPackageProductDependency;
			package = D28FC3DF2C85E2AF00AFF58E /* XCRemoteSwiftPackageReference "firebase-ios-sdk" */;
			productName = FirebaseAppCheck;
		};
		D28FC3E82C85E2AF00AFF58E /* FirebaseAppDistribution-Beta */ = {
			isa = XCSwiftPackageProductDependency;
			package = D28FC3DF2C85E2AF00AFF58E /* XCRemoteSwiftPackageReference "firebase-ios-sdk" */;
			productName = "FirebaseAppDistribution-Beta";
		};
		D28FC3EA2C85E2C700AFF58E /* GoogleSignIn */ = {
			isa = XCSwiftPackageProductDependency;
			package = D28FC3D52C7CAF1300AFF58E /* XCRemoteSwiftPackageReference "GoogleSignIn-iOS" */;
			productName = GoogleSignIn;
		};
		D28FC3EC2C85E2C700AFF58E /* GoogleSignInSwift */ = {
			isa = XCSwiftPackageProductDependency;
			package = D28FC3D52C7CAF1300AFF58E /* XCRemoteSwiftPackageReference "GoogleSignIn-iOS" */;
			productName = GoogleSignInSwift;
		};
		D2E404D02C57C0AE005B085D /* Moya */ = {
			isa = XCSwiftPackageProductDependency;
			package = D2E404CF2C57C0AE005B085D /* XCRemoteSwiftPackageReference "Moya" */;
			productName = Moya;
		};
		D2E404EC2C6A2D52005B085D /* Kingfisher */ = {
			isa = XCSwiftPackageProductDependency;
			package = D2E404EA2C6A2C62005B085D /* XCRemoteSwiftPackageReference "Kingfisher" */;
			productName = Kingfisher;
		};
/* End XCSwiftPackageProductDependency section */
	};
	rootObject = D2F0C25F2B947C8A00683E4A /* Project object */;
}
